# This file is automatically @generated by Poetry 1.8.3 and should not be changed by hand.

[[package]]
name = "abcmeta"
version = "2.2.0"
description = "Python meta class and abstract method library with restrictions."
optional = false
python-versions = ">=3.7"
files = [
    {file = "abcmeta-2.2.0-py3-none-any.whl", hash = "sha256:1872922fa6fceff9ad345614498c9fa87d3e9ac371b02d6ee7f96450cc681c21"},
    {file = "abcmeta-2.2.0.tar.gz", hash = "sha256:4a7736259afe7b2ffed42651e3ac0564369b971ac310eb7e2adcbdece6be3519"},
]

[metadata]
lock-version = "2.0"
python-versions = "^3.12"
content-hash = "22c2d88d3ec540688968a2fa05241e3f903a2437b8e9b4c9c8de3fb7b0418927"
